
Microsoft Visual Studio Solution File, Format Version 12.00
# Visual Studio Version 17
VisualStudioVersion = 17.4.33205.214
MinimumVisualStudioVersion = 10.0.40219.1
Project("{9A19103F-16F7-4668-BE54-9A1E7A4F7556}") = "WebAPI.Controller", "WebAPI.Controller\WebAPI.Controller.csproj", "{9FC761E6-6041-41E2-B218-95F1B478A347}"
EndProject
Project("{9A19103F-16F7-4668-BE54-9A1E7A4F7556}") = "WebAPI.Minimal", "WebAPI.Minimal\WebAPI.Minimal.csproj", "{3F32C5C0-8C1B-47B6-B476-4D5655F918DA}"
EndProject
Project("{9A19103F-16F7-4668-BE54-9A1E7A4F7556}") = "WebAPI.Shared", "WebAPI.Shared\WebAPI.Shared.csproj", "{F26B6DFA-0CC9-40D0-82EB-F73DF897B23A}"
EndProject
Project("{2150E333-8FDC-42A3-9474-1A3956D46DE8}") = "k6", "k6", "{6B87515B-D590-419C-9BB7-E9A8BCEAF9AF}"
EndProject
Project("{2150E333-8FDC-42A3-9474-1A3956D46DE8}") = "Solution Items", "Solution Items", "{CFCCA703-8BB2-401B-9EFF-2934E5F5F2DE}"
	ProjectSection(SolutionItems) = preProject
		ReadMe.txt = ReadMe.txt
	EndProjectSection
EndProject
Global
	GlobalSection(SolutionConfigurationPlatforms) = preSolution
		Debug|Any CPU = Debug|Any CPU
		Release|Any CPU = Release|Any CPU
	EndGlobalSection
	GlobalSection(ProjectConfigurationPlatforms) = postSolution
		{9FC761E6-6041-41E2-B218-95F1B478A347}.Debug|Any CPU.ActiveCfg = Debug|Any CPU
		{9FC761E6-6041-41E2-B218-95F1B478A347}.Debug|Any CPU.Build.0 = Debug|Any CPU
		{9FC761E6-6041-41E2-B218-95F1B478A347}.Release|Any CPU.ActiveCfg = Release|Any CPU
		{9FC761E6-6041-41E2-B218-95F1B478A347}.Release|Any CPU.Build.0 = Release|Any CPU
		{3F32C5C0-8C1B-47B6-B476-4D5655F918DA}.Debug|Any CPU.ActiveCfg = Debug|Any CPU
		{3F32C5C0-8C1B-47B6-B476-4D5655F918DA}.Debug|Any CPU.Build.0 = Debug|Any CPU
		{3F32C5C0-8C1B-47B6-B476-4D5655F918DA}.Release|Any CPU.ActiveCfg = Release|Any CPU
		{3F32C5C0-8C1B-47B6-B476-4D5655F918DA}.Release|Any CPU.Build.0 = Release|Any CPU
		{F26B6DFA-0CC9-40D0-82EB-F73DF897B23A}.Debug|Any CPU.ActiveCfg = Debug|Any CPU
		{F26B6DFA-0CC9-40D0-82EB-F73DF897B23A}.Debug|Any CPU.Build.0 = Debug|Any CPU
		{F26B6DFA-0CC9-40D0-82EB-F73DF897B23A}.Release|Any CPU.ActiveCfg = Release|Any CPU
		{F26B6DFA-0CC9-40D0-82EB-F73DF897B23A}.Release|Any CPU.Build.0 = Release|Any CPU
	EndGlobalSection
	GlobalSection(SolutionProperties) = preSolution
		HideSolutionNode = FALSE
	EndGlobalSection
	GlobalSection(ExtensibilityGlobals) = postSolution
		SolutionGuid = {7C1081D5-05FC-4379-9D63-F3B115ABC67A}
	EndGlobalSection
EndGlobal
